
Microsoft Visual Studio Solution File, Format Version 12.00
# Visual Studio Version 16
VisualStudioVersion = 16.0.33130.400
MinimumVisualStudioVersion = 10.0.40219.1
Project("{FAE04EC0-301F-11D3-BF4B-00C04F79EFBC}") = "Starbu$$", "Starbu$$.csproj", "{8092CCD6-DC79-4731-B902-56230217756A}"
EndProject
Global
	GlobalSection(SolutionConfigurationPlatforms) = preSolution
		Debug|Any CPU = Debug|Any CPU
		Release|Any CPU = Release|Any CPU
	EndGlobalSection
	GlobalSection(ProjectConfigurationPlatforms) = postSolution
		{8092CCD6-DC79-4731-B902-56230217756A}.Debug|Any CPU.ActiveCfg = Debug|Any CPU
		{8092CCD6-DC79-4731-B902-56230217756A}.Debug|Any CPU.Build.0 = Debug|Any CPU
		{8092CCD6-DC79-4731-B902-56230217756A}.Release|Any CPU.ActiveCfg = Release|Any CPU
		{8092CCD6-DC79-4731-B902-56230217756A}.Release|Any CPU.Build.0 = Release|Any CPU
	EndGlobalSection
	GlobalSection(SolutionProperties) = preSolution
		HideSolutionNode = FALSE
	EndGlobalSection
	GlobalSection(ExtensibilityGlobals) = postSolution
		SolutionGuid = {C22B1CE7-D09E-4BD7-ABC8-02C0E399B8B3}
	EndGlobalSection
EndGlobal
